
Microsoft Visual Studio Solution File, Format Version 12.00
# Visual Studio Version 17
VisualStudioVersion = 17.0.31612.314
MinimumVisualStudioVersion = 10.0.40219.1
Project("{FAE04EC0-301F-11D3-BF4B-00C04F79EFBC}") = "GCard UI", "GCard UI\GCard UI.csproj", "{4802F003-0980-40B0-909D-472982482D71}"
EndProject
Global
	GlobalSection(SolutionConfigurationPlatforms) = preSolution
		Debug|Any CPU = Debug|Any CPU
		Release|Any CPU = Release|Any CPU
	EndGlobalSection
	GlobalSection(ProjectConfigurationPlatforms) = postSolution
		{4802F003-0980-40B0-909D-472982482D71}.Debug|Any CPU.ActiveCfg = Debug|Any CPU
		{4802F003-0980-40B0-909D-472982482D71}.Debug|Any CPU.Build.0 = Debug|Any CPU
		{4802F003-0980-40B0-909D-472982482D71}.Release|Any CPU.ActiveCfg = Release|Any CPU
		{4802F003-0980-40B0-909D-472982482D71}.Release|Any CPU.Build.0 = Release|Any CPU
	EndGlobalSection
	GlobalSection(SolutionProperties) = preSolution
		HideSolutionNode = FALSE
	EndGlobalSection
	GlobalSection(ExtensibilityGlobals) = postSolution
		SolutionGuid = {1EFC68AB-5FC8-42CD-BCFA-634E6248FA83}
	EndGlobalSection
EndGlobal
